
Microsoft Visual Studio Solution File, Format Version 12.00
# Visual Studio Version 16
VisualStudioVersion = 16.0.31205.134
MinimumVisualStudioVersion = 10.0.40219.1
Project("{FAE04EC0-301F-11D3-BF4B-00C04F79EFBC}") = "client_serverComm", "client_serverComm.csproj", "{30E4C250-92FF-4207-B0BF-D9B96F586ED3}"
EndProject
Global
	GlobalSection(SolutionConfigurationPlatforms) = preSolution
		Debug|Any CPU = Debug|Any CPU
		Release|Any CPU = Release|Any CPU
	EndGlobalSection
	GlobalSection(ProjectConfigurationPlatforms) = postSolution
		{30E4C250-92FF-4207-B0BF-D9B96F586ED3}.Debug|Any CPU.ActiveCfg = Debug|Any CPU
		{30E4C250-92FF-4207-B0BF-D9B96F586ED3}.Debug|Any CPU.Build.0 = Debug|Any CPU
		{30E4C250-92FF-4207-B0BF-D9B96F586ED3}.Release|Any CPU.ActiveCfg = Release|Any CPU
		{30E4C250-92FF-4207-B0BF-D9B96F586ED3}.Release|Any CPU.Build.0 = Release|Any CPU
	EndGlobalSection
	GlobalSection(SolutionProperties) = preSolution
		HideSolutionNode = FALSE
	EndGlobalSection
	GlobalSection(ExtensibilityGlobals) = postSolution
		SolutionGuid = {C79E5927-2EC2-4796-9D95-4CBE1D1672E8}
	EndGlobalSection
EndGlobal
